
Microsoft Visual Studio Solution File, Format Version 12.00
# Visual Studio Version 16
VisualStudioVersion = 16.0.33328.57
MinimumVisualStudioVersion = 10.0.40219.1
Project("{FAE04EC0-301F-11D3-BF4B-00C04F79EFBC}") = "ShulteTable", "ShulteTable.csproj", "{BB46D1EB-655F-4A75-AF86-7FABB7EC0425}"
EndProject
Global
	GlobalSection(SolutionConfigurationPlatforms) = preSolution
		Debug|Any CPU = Debug|Any CPU
		Release|Any CPU = Release|Any CPU
	EndGlobalSection
	GlobalSection(ProjectConfigurationPlatforms) = postSolution
		{BB46D1EB-655F-4A75-AF86-7FABB7EC0425}.Debug|Any CPU.ActiveCfg = Debug|Any CPU
		{BB46D1EB-655F-4A75-AF86-7FABB7EC0425}.Debug|Any CPU.Build.0 = Debug|Any CPU
		{BB46D1EB-655F-4A75-AF86-7FABB7EC0425}.Release|Any CPU.ActiveCfg = Release|Any CPU
		{BB46D1EB-655F-4A75-AF86-7FABB7EC0425}.Release|Any CPU.Build.0 = Release|Any CPU
	EndGlobalSection
	GlobalSection(SolutionProperties) = preSolution
		HideSolutionNode = FALSE
	EndGlobalSection
	GlobalSection(ExtensibilityGlobals) = postSolution
		SolutionGuid = {A634C2E6-D0F2-4B00-BEDA-61F7323EA706}
	EndGlobalSection
EndGlobal
